
Microsoft Visual Studio Solution File, Format Version 11.00
# Visual Studio 2010
Project("{FAE04EC0-301F-11D3-BF4B-00C04F79EFBC}") = "RealidadeVirtualGB-master", "Assembly-CSharp.csproj", "{19BF0731-AB8B-B64E-B138-36FD9C0D120B}"
EndProject
Project("{FAE04EC0-301F-11D3-BF4B-00C04F79EFBC}") = "RealidadeVirtualGB-master", "Assembly-CSharp-firstpass.csproj", "{DFA34BC5-7622-642A-772E-A09AE07353CC}"
EndProject
Project("{FAE04EC0-301F-11D3-BF4B-00C04F79EFBC}") = "RealidadeVirtualGB-master", "Assembly-CSharp-Editor.csproj", "{4E7ECC3A-21CF-7B47-C50D-EDCFFCCA1307}"
EndProject
Project("{FAE04EC0-301F-11D3-BF4B-00C04F79EFBC}") = "RealidadeVirtualGB-master", "Assembly-CSharp-Editor-firstpass.csproj", "{71592FB6-E56D-FE02-4886-BD4A940D8B37}"
EndProject
Global
	GlobalSection(SolutionConfigurationPlatforms) = preSolution
		Debug|Any CPU = Debug|Any CPU
		Release|Any CPU = Release|Any CPU
	EndGlobalSection
	GlobalSection(ProjectConfigurationPlatforms) = postSolution
		{19BF0731-AB8B-B64E-B138-36FD9C0D120B}.Debug|Any CPU.ActiveCfg = Debug|Any CPU
		{19BF0731-AB8B-B64E-B138-36FD9C0D120B}.Debug|Any CPU.Build.0 = Debug|Any CPU
		{19BF0731-AB8B-B64E-B138-36FD9C0D120B}.Release|Any CPU.ActiveCfg = Release|Any CPU
		{19BF0731-AB8B-B64E-B138-36FD9C0D120B}.Release|Any CPU.Build.0 = Release|Any CPU
		{DFA34BC5-7622-642A-772E-A09AE07353CC}.Debug|Any CPU.ActiveCfg = Debug|Any CPU
		{DFA34BC5-7622-642A-772E-A09AE07353CC}.Debug|Any CPU.Build.0 = Debug|Any CPU
		{DFA34BC5-7622-642A-772E-A09AE07353CC}.Release|Any CPU.ActiveCfg = Release|Any CPU
		{DFA34BC5-7622-642A-772E-A09AE07353CC}.Release|Any CPU.Build.0 = Release|Any CPU
		{4E7ECC3A-21CF-7B47-C50D-EDCFFCCA1307}.Debug|Any CPU.ActiveCfg = Debug|Any CPU
		{4E7ECC3A-21CF-7B47-C50D-EDCFFCCA1307}.Debug|Any CPU.Build.0 = Debug|Any CPU
		{4E7ECC3A-21CF-7B47-C50D-EDCFFCCA1307}.Release|Any CPU.ActiveCfg = Release|Any CPU
		{4E7ECC3A-21CF-7B47-C50D-EDCFFCCA1307}.Release|Any CPU.Build.0 = Release|Any CPU
		{71592FB6-E56D-FE02-4886-BD4A940D8B37}.Debug|Any CPU.ActiveCfg = Debug|Any CPU
		{71592FB6-E56D-FE02-4886-BD4A940D8B37}.Debug|Any CPU.Build.0 = Debug|Any CPU
		{71592FB6-E56D-FE02-4886-BD4A940D8B37}.Release|Any CPU.ActiveCfg = Release|Any CPU
		{71592FB6-E56D-FE02-4886-BD4A940D8B37}.Release|Any CPU.Build.0 = Release|Any CPU
	EndGlobalSection
	GlobalSection(SolutionProperties) = preSolution
		HideSolutionNode = FALSE
	EndGlobalSection
	GlobalSection(MonoDevelopProperties) = preSolution
		StartupItem = Assembly-CSharp.csproj
	EndGlobalSection
EndGlobal
